
Microsoft Visual Studio Solution File, Format Version 12.00
# Visual Studio Version 16
VisualStudioVersion = 16.0.31624.102
MinimumVisualStudioVersion = 10.0.40219.1
Project("{8BC9CEB8-8B4A-11D0-8D11-00A0C91BC942}") = "A1", "A1\A1.vcxproj", "{6937EA39-A7A8-4A64-9D67-AE7CA919CF18}"
EndProject
Project("{8BC9CEB8-8B4A-11D0-8D11-00A0C91BC942}") = "A2", "A2\A2.vcxproj", "{49A93BAC-D454-4262-ADE3-946EACAA4371}"
EndProject
Project("{8BC9CEB8-8B4A-11D0-8D11-00A0C91BC942}") = "B", "B\B.vcxproj", "{EDB38EBD-E6AF-4C3B-A4FE-CB30B1A5AB32}"
EndProject
Global
	GlobalSection(SolutionConfigurationPlatforms) = preSolution
		Debug|x64 = Debug|x64
		Debug|x86 = Debug|x86
		Release|x64 = Release|x64
		Release|x86 = Release|x86
	EndGlobalSection
	GlobalSection(ProjectConfigurationPlatforms) = postSolution
		{6937EA39-A7A8-4A64-9D67-AE7CA919CF18}.Debug|x64.ActiveCfg = Debug|x64
		{6937EA39-A7A8-4A64-9D67-AE7CA919CF18}.Debug|x64.Build.0 = Debug|x64
		{6937EA39-A7A8-4A64-9D67-AE7CA919CF18}.Debug|x86.ActiveCfg = Debug|Win32
		{6937EA39-A7A8-4A64-9D67-AE7CA919CF18}.Debug|x86.Build.0 = Debug|Win32
		{6937EA39-A7A8-4A64-9D67-AE7CA919CF18}.Release|x64.ActiveCfg = Release|x64
		{6937EA39-A7A8-4A64-9D67-AE7CA919CF18}.Release|x64.Build.0 = Release|x64
		{6937EA39-A7A8-4A64-9D67-AE7CA919CF18}.Release|x86.ActiveCfg = Release|Win32
		{6937EA39-A7A8-4A64-9D67-AE7CA919CF18}.Release|x86.Build.0 = Release|Win32
		{49A93BAC-D454-4262-ADE3-946EACAA4371}.Debug|x64.ActiveCfg = Debug|x64
		{49A93BAC-D454-4262-ADE3-946EACAA4371}.Debug|x64.Build.0 = Debug|x64
		{49A93BAC-D454-4262-ADE3-946EACAA4371}.Debug|x86.ActiveCfg = Debug|Win32
		{49A93BAC-D454-4262-ADE3-946EACAA4371}.Debug|x86.Build.0 = Debug|Win32
		{49A93BAC-D454-4262-ADE3-946EACAA4371}.Release|x64.ActiveCfg = Release|x64
		{49A93BAC-D454-4262-ADE3-946EACAA4371}.Release|x64.Build.0 = Release|x64
		{49A93BAC-D454-4262-ADE3-946EACAA4371}.Release|x86.ActiveCfg = Release|Win32
		{49A93BAC-D454-4262-ADE3-946EACAA4371}.Release|x86.Build.0 = Release|Win32
		{EDB38EBD-E6AF-4C3B-A4FE-CB30B1A5AB32}.Debug|x64.ActiveCfg = Debug|x64
		{EDB38EBD-E6AF-4C3B-A4FE-CB30B1A5AB32}.Debug|x64.Build.0 = Debug|x64
		{EDB38EBD-E6AF-4C3B-A4FE-CB30B1A5AB32}.Debug|x86.ActiveCfg = Debug|Win32
		{EDB38EBD-E6AF-4C3B-A4FE-CB30B1A5AB32}.Debug|x86.Build.0 = Debug|Win32
		{EDB38EBD-E6AF-4C3B-A4FE-CB30B1A5AB32}.Release|x64.ActiveCfg = Release|x64
		{EDB38EBD-E6AF-4C3B-A4FE-CB30B1A5AB32}.Release|x64.Build.0 = Release|x64
		{EDB38EBD-E6AF-4C3B-A4FE-CB30B1A5AB32}.Release|x86.ActiveCfg = Release|Win32
		{EDB38EBD-E6AF-4C3B-A4FE-CB30B1A5AB32}.Release|x86.Build.0 = Release|Win32
	EndGlobalSection
	GlobalSection(SolutionProperties) = preSolution
		HideSolutionNode = FALSE
	EndGlobalSection
	GlobalSection(ExtensibilityGlobals) = postSolution
		SolutionGuid = {799C1D69-1A75-4799-AD4C-689C5233942A}
	EndGlobalSection
EndGlobal
